
Microsoft Visual Studio Solution File, Format Version 12.00
# Visual Studio 15
VisualStudioVersion = 15.0.26430.15
MinimumVisualStudioVersion = 10.0.40219.1
Project("{FAE04EC0-301F-11D3-BF4B-00C04F79EFBC}") = "04. Opinion Poll", "03. Opinion Poll\04. Opinion Poll.csproj", "{11A1B7CF-EEC8-4606-B1A1-E729E32EB88B}"
EndProject
Project("{FAE04EC0-301F-11D3-BF4B-00C04F79EFBC}") = "01. Bank Account", "01. Bank Account\01. Bank Account.csproj", "{9B2F2676-0B77-4875-A31B-04E46C2DCC11}"
EndProject
Project("{FAE04EC0-301F-11D3-BF4B-00C04F79EFBC}") = "02. BankMethods", "02. BankMethods\02. BankMethods.csproj", "{A48ECCE7-F82D-4E01-A247-3A9D430DAE55}"
EndProject
Project("{FAE04EC0-301F-11D3-BF4B-00C04F79EFBC}") = "03.BankAccountTest", "03.BankAccountTest\03.BankAccountTest.csproj", "{537C7BDA-679F-4296-86EE-59F851F06DEF}"
EndProject
Project("{FAE04EC0-301F-11D3-BF4B-00C04F79EFBC}") = "04. Class Person", "04. Class Person\04. Class Person.csproj", "{3978EBC2-787E-48F8-B266-4A1ADCB32652}"
EndProject
Project("{FAE04EC0-301F-11D3-BF4B-00C04F79EFBC}") = "01. Define Person", "01. Define Person\01. Define Person.csproj", "{BDDC67AA-6C26-4388-9DA3-1A9F2E3C9973}"
EndProject
Project("{FAE04EC0-301F-11D3-BF4B-00C04F79EFBC}") = "02. Creating Constructors", "02. Creating Constructors\02. Creating Constructors.csproj", "{0AAE04B4-46C8-4FB7-9254-09CC2BD1D9E5}"
EndProject
Project("{FAE04EC0-301F-11D3-BF4B-00C04F79EFBC}") = "03. Oldest Family Member", "03. Oldest Family Member\03. Oldest Family Member.csproj", "{E58F149C-1019-43A7-8555-CC35131D985E}"
EndProject
Project("{FAE04EC0-301F-11D3-BF4B-00C04F79EFBC}") = "05. Date Modifier", "05. Date Modifier\05. Date Modifier.csproj", "{E2F12D98-FCEE-4277-AA25-8D700044482F}"
EndProject
Project("{FAE04EC0-301F-11D3-BF4B-00C04F79EFBC}") = "06. Company Rooster", "06. Company Rooster\06. Company Rooster.csproj", "{99CAF96A-7D7C-46BC-8E84-C22AB5E625A6}"
EndProject
Project("{FAE04EC0-301F-11D3-BF4B-00C04F79EFBC}") = "07. Speed Racing", "07. Speed Racing\07. Speed Racing.csproj", "{A013A396-E86A-4010-B527-ED604A6ABF7F}"
EndProject
Project("{FAE04EC0-301F-11D3-BF4B-00C04F79EFBC}") = "E.01. Sort Persons by Name and Age", "E.01. Sort Persons by Name and Age\E.01. Sort Persons by Name and Age.csproj", "{F0A0BB65-B14B-4593-872E-2216CE8503E5}"
EndProject
Project("{FAE04EC0-301F-11D3-BF4B-00C04F79EFBC}") = "E02. Salary", "E02. Salary\E02. Salary.csproj", "{01F63766-EBE0-4E07-A1B2-1BF92FEA3CB3}"
EndProject
Project("{FAE04EC0-301F-11D3-BF4B-00C04F79EFBC}") = "E03. Validation", "E03. Validation\E03. Validation.csproj", "{4D338A5D-9077-44D8-87C0-1E7EF8E109EE}"
EndProject
Project("{FAE04EC0-301F-11D3-BF4B-00C04F79EFBC}") = "E04. Team", "E04. Team\E04. Team.csproj", "{0C1D0214-3A0B-4EC1-B285-C93DD0323243}"
EndProject
Project("{FAE04EC0-301F-11D3-BF4B-00C04F79EFBC}") = "09.Rectangle Intersection", "09.Rectangle Intersection\09.Rectangle Intersection.csproj", "{CA83C533-D0E5-45C1-A7F1-E41A6DBCEE8D}"
EndProject
Project("{FAE04EC0-301F-11D3-BF4B-00C04F79EFBC}") = "10. Car Salesman", "10. Car Salesman\10. Car Salesman.csproj", "{9C5FDCC3-03D1-4334-94E9-BBD27942823B}"
EndProject
Project("{FAE04EC0-301F-11D3-BF4B-00C04F79EFBC}") = "E01. Class Box", "E01. Class Box\E01. Class Box.csproj", "{9FA7B357-1FE8-4CD7-8059-5347214669D8}"
EndProject
Project("{FAE04EC0-301F-11D3-BF4B-00C04F79EFBC}") = "E04. Shopping Spree", "E04. Shopping Spree\E04. Shopping Spree.csproj", "{5D443C03-6F86-4AEB-A9CD-21E15C002E6C}"
EndProject
Project("{FAE04EC0-301F-11D3-BF4B-00C04F79EFBC}") = "E05. Pizza Calories", "E05. Pizza Calories\E05. Pizza Calories.csproj", "{BE7B6F29-EB0C-442E-8D06-52BDA4D77E27}"
EndProject
Project("{FAE04EC0-301F-11D3-BF4B-00C04F79EFBC}") = "I01. SingleInherit", "I01. SingleInherit\I01. SingleInherit.csproj", "{B200055F-550D-41D2-8887-6B0E4462F49B}"
EndProject
Project("{FAE04EC0-301F-11D3-BF4B-00C04F79EFBC}") = "I02. RandomList", "I02. RandomList\I02. RandomList.csproj", "{20217DDE-8D94-4955-BAC4-70107F0FF584}"
EndProject
Project("{2150E333-8FDC-42A3-9474-1A3956D46DE8}") = "Defining Classes", "Defining Classes", "{68DC2C2F-AC69-4666-8491-91017482B448}"
EndProject
Project("{2150E333-8FDC-42A3-9474-1A3956D46DE8}") = "Encapsulation", "Encapsulation", "{E1F8906F-773A-422F-8CA3-81409066576C}"
EndProject
Project("{2150E333-8FDC-42A3-9474-1A3956D46DE8}") = "Inheritance", "Inheritance", "{CD45A4DF-FE63-4DBB-B31C-72B557B6804C}"
EndProject
Project("{FAE04EC0-301F-11D3-BF4B-00C04F79EFBC}") = "01. Person", "01. Person\01. Person.csproj", "{E873E975-021E-4E5D-86D1-A2B014482764}"
EndProject
Project("{FAE04EC0-301F-11D3-BF4B-00C04F79EFBC}") = "02. BookShop", "02. BookShop\02. BookShop.csproj", "{0504FA21-0AE8-4A4D-A3C9-5A6DD88913CF}"
EndProject
Project("{FAE04EC0-301F-11D3-BF4B-00C04F79EFBC}") = "03. Mankind", "03. Mankind\03. Mankind.csproj", "{CB8BE377-D0EC-4405-9349-8DAD675F6E6C}"
EndProject
Project("{FAE04EC0-301F-11D3-BF4B-00C04F79EFBC}") = "04. Online Radio Database", "04. Online Radio Database\04. Online Radio Database.csproj", "{5B267DA5-62A4-48D2-8EF4-046D9E54DE89}"
EndProject
Project("{2150E333-8FDC-42A3-9474-1A3956D46DE8}") = "Polymorphism", "Polymorphism", "{536B0F1E-52EC-4D78-91FB-CC3201DF73B0}"
EndProject
Project("{FAE04EC0-301F-11D3-BF4B-00C04F79EFBC}") = "01. MathOperation", "01. MathOperation\01. MathOperation.csproj", "{12FA498E-1284-4839-A2AE-25E7DE836561}"
EndProject
Project("{FAE04EC0-301F-11D3-BF4B-00C04F79EFBC}") = "02. Animals", "02. Animals\02. Animals.csproj", "{A7ECF762-A434-410E-A7F1-24750E1FA99E}"
EndProject
Project("{FAE04EC0-301F-11D3-BF4B-00C04F79EFBC}") = "03. Shapes", "03. Shapes\03. Shapes.csproj", "{F6000EDB-9EEA-472B-B647-E3CEAAFA578C}"
EndProject
Project("{FAE04EC0-301F-11D3-BF4B-00C04F79EFBC}") = "01. Vehicle", "01. Vehicle\01. Vehicle.csproj", "{EE3207B2-2959-47F7-BEED-C0ECBE75D96D}"
EndProject
Project("{FAE04EC0-301F-11D3-BF4B-00C04F79EFBC}") = "03. WildFarm", "03. WildFarm\03. WildFarm.csproj", "{8C96280E-28EA-44C3-A317-532451446C39}"
EndProject
Project("{FAE04EC0-301F-11D3-BF4B-00C04F79EFBC}") = "EP NFS", "EP NFS\EP NFS.csproj", "{947A08F4-6E85-40B1-9015-26E09BBA9C45}"
EndProject
Project("{FAE04EC0-301F-11D3-BF4B-00C04F79EFBC}") = "NationsWar", "NationsWar\NationsWar.csproj", "{BE7C70F0-81D2-425E-8908-4A43D5238D0C}"
EndProject
Global
	GlobalSection(SolutionConfigurationPlatforms) = preSolution
		Debug|Any CPU = Debug|Any CPU
		Release|Any CPU = Release|Any CPU
	EndGlobalSection
	GlobalSection(ProjectConfigurationPlatforms) = postSolution
		{11A1B7CF-EEC8-4606-B1A1-E729E32EB88B}.Debug|Any CPU.ActiveCfg = Debug|Any CPU
		{11A1B7CF-EEC8-4606-B1A1-E729E32EB88B}.Debug|Any CPU.Build.0 = Debug|Any CPU
		{11A1B7CF-EEC8-4606-B1A1-E729E32EB88B}.Release|Any CPU.ActiveCfg = Release|Any CPU
		{11A1B7CF-EEC8-4606-B1A1-E729E32EB88B}.Release|Any CPU.Build.0 = Release|Any CPU
		{9B2F2676-0B77-4875-A31B-04E46C2DCC11}.Debug|Any CPU.ActiveCfg = Debug|Any CPU
		{9B2F2676-0B77-4875-A31B-04E46C2DCC11}.Debug|Any CPU.Build.0 = Debug|Any CPU
		{9B2F2676-0B77-4875-A31B-04E46C2DCC11}.Release|Any CPU.ActiveCfg = Release|Any CPU
		{9B2F2676-0B77-4875-A31B-04E46C2DCC11}.Release|Any CPU.Build.0 = Release|Any CPU
		{A48ECCE7-F82D-4E01-A247-3A9D430DAE55}.Debug|Any CPU.ActiveCfg = Debug|Any CPU
		{A48ECCE7-F82D-4E01-A247-3A9D430DAE55}.Debug|Any CPU.Build.0 = Debug|Any CPU
		{A48ECCE7-F82D-4E01-A247-3A9D430DAE55}.Release|Any CPU.ActiveCfg = Release|Any CPU
		{A48ECCE7-F82D-4E01-A247-3A9D430DAE55}.Release|Any CPU.Build.0 = Release|Any CPU
		{537C7BDA-679F-4296-86EE-59F851F06DEF}.Debug|Any CPU.ActiveCfg = Debug|Any CPU
		{537C7BDA-679F-4296-86EE-59F851F06DEF}.Debug|Any CPU.Build.0 = Debug|Any CPU
		{537C7BDA-679F-4296-86EE-59F851F06DEF}.Release|Any CPU.ActiveCfg = Release|Any CPU
		{537C7BDA-679F-4296-86EE-59F851F06DEF}.Release|Any CPU.Build.0 = Release|Any CPU
		{3978EBC2-787E-48F8-B266-4A1ADCB32652}.Debug|Any CPU.ActiveCfg = Debug|Any CPU
		{3978EBC2-787E-48F8-B266-4A1ADCB32652}.Debug|Any CPU.Build.0 = Debug|Any CPU
		{3978EBC2-787E-48F8-B266-4A1ADCB32652}.Release|Any CPU.ActiveCfg = Release|Any CPU
		{3978EBC2-787E-48F8-B266-4A1ADCB32652}.Release|Any CPU.Build.0 = Release|Any CPU
		{BDDC67AA-6C26-4388-9DA3-1A9F2E3C9973}.Debug|Any CPU.ActiveCfg = Debug|Any CPU
		{BDDC67AA-6C26-4388-9DA3-1A9F2E3C9973}.Debug|Any CPU.Build.0 = Debug|Any CPU
		{BDDC67AA-6C26-4388-9DA3-1A9F2E3C9973}.Release|Any CPU.ActiveCfg = Release|Any CPU
		{BDDC67AA-6C26-4388-9DA3-1A9F2E3C9973}.Release|Any CPU.Build.0 = Release|Any CPU
		{0AAE04B4-46C8-4FB7-9254-09CC2BD1D9E5}.Debug|Any CPU.ActiveCfg = Debug|Any CPU
		{0AAE04B4-46C8-4FB7-9254-09CC2BD1D9E5}.Debug|Any CPU.Build.0 = Debug|Any CPU
		{0AAE04B4-46C8-4FB7-9254-09CC2BD1D9E5}.Release|Any CPU.ActiveCfg = Release|Any CPU
		{0AAE04B4-46C8-4FB7-9254-09CC2BD1D9E5}.Release|Any CPU.Build.0 = Release|Any CPU
		{E58F149C-1019-43A7-8555-CC35131D985E}.Debug|Any CPU.ActiveCfg = Debug|Any CPU
		{E58F149C-1019-43A7-8555-CC35131D985E}.Debug|Any CPU.Build.0 = Debug|Any CPU
		{E58F149C-1019-43A7-8555-CC35131D985E}.Release|Any CPU.ActiveCfg = Release|Any CPU
		{E58F149C-1019-43A7-8555-CC35131D985E}.Release|Any CPU.Build.0 = Release|Any CPU
		{E2F12D98-FCEE-4277-AA25-8D700044482F}.Debug|Any CPU.ActiveCfg = Debug|Any CPU
		{E2F12D98-FCEE-4277-AA25-8D700044482F}.Debug|Any CPU.Build.0 = Debug|Any CPU
		{E2F12D98-FCEE-4277-AA25-8D700044482F}.Release|Any CPU.ActiveCfg = Release|Any CPU
		{E2F12D98-FCEE-4277-AA25-8D700044482F}.Release|Any CPU.Build.0 = Release|Any CPU
		{99CAF96A-7D7C-46BC-8E84-C22AB5E625A6}.Debug|Any CPU.ActiveCfg = Debug|Any CPU
		{99CAF96A-7D7C-46BC-8E84-C22AB5E625A6}.Debug|Any CPU.Build.0 = Debug|Any CPU
		{99CAF96A-7D7C-46BC-8E84-C22AB5E625A6}.Release|Any CPU.ActiveCfg = Release|Any CPU
		{99CAF96A-7D7C-46BC-8E84-C22AB5E625A6}.Release|Any CPU.Build.0 = Release|Any CPU
		{A013A396-E86A-4010-B527-ED604A6ABF7F}.Debug|Any CPU.ActiveCfg = Debug|Any CPU
		{A013A396-E86A-4010-B527-ED604A6ABF7F}.Debug|Any CPU.Build.0 = Debug|Any CPU
		{A013A396-E86A-4010-B527-ED604A6ABF7F}.Release|Any CPU.ActiveCfg = Release|Any CPU
		{A013A396-E86A-4010-B527-ED604A6ABF7F}.Release|Any CPU.Build.0 = Release|Any CPU
		{F0A0BB65-B14B-4593-872E-2216CE8503E5}.Debug|Any CPU.ActiveCfg = Debug|Any CPU
		{F0A0BB65-B14B-4593-872E-2216CE8503E5}.Debug|Any CPU.Build.0 = Debug|Any CPU
		{F0A0BB65-B14B-4593-872E-2216CE8503E5}.Release|Any CPU.ActiveCfg = Release|Any CPU
		{F0A0BB65-B14B-4593-872E-2216CE8503E5}.Release|Any CPU.Build.0 = Release|Any CPU
		{01F63766-EBE0-4E07-A1B2-1BF92FEA3CB3}.Debug|Any CPU.ActiveCfg = Debug|Any CPU
		{01F63766-EBE0-4E07-A1B2-1BF92FEA3CB3}.Debug|Any CPU.Build.0 = Debug|Any CPU
		{01F63766-EBE0-4E07-A1B2-1BF92FEA3CB3}.Release|Any CPU.ActiveCfg = Release|Any CPU
		{01F63766-EBE0-4E07-A1B2-1BF92FEA3CB3}.Release|Any CPU.Build.0 = Release|Any CPU
		{4D338A5D-9077-44D8-87C0-1E7EF8E109EE}.Debug|Any CPU.ActiveCfg = Debug|Any CPU
		{4D338A5D-9077-44D8-87C0-1E7EF8E109EE}.Debug|Any CPU.Build.0 = Debug|Any CPU
		{4D338A5D-9077-44D8-87C0-1E7EF8E109EE}.Release|Any CPU.ActiveCfg = Release|Any CPU
		{4D338A5D-9077-44D8-87C0-1E7EF8E109EE}.Release|Any CPU.Build.0 = Release|Any CPU
		{0C1D0214-3A0B-4EC1-B285-C93DD0323243}.Debug|Any CPU.ActiveCfg = Debug|Any CPU
		{0C1D0214-3A0B-4EC1-B285-C93DD0323243}.Debug|Any CPU.Build.0 = Debug|Any CPU
		{0C1D0214-3A0B-4EC1-B285-C93DD0323243}.Release|Any CPU.ActiveCfg = Release|Any CPU
		{0C1D0214-3A0B-4EC1-B285-C93DD0323243}.Release|Any CPU.Build.0 = Release|Any CPU
		{CA83C533-D0E5-45C1-A7F1-E41A6DBCEE8D}.Debug|Any CPU.ActiveCfg = Debug|Any CPU
		{CA83C533-D0E5-45C1-A7F1-E41A6DBCEE8D}.Debug|Any CPU.Build.0 = Debug|Any CPU
		{CA83C533-D0E5-45C1-A7F1-E41A6DBCEE8D}.Release|Any CPU.ActiveCfg = Release|Any CPU
		{CA83C533-D0E5-45C1-A7F1-E41A6DBCEE8D}.Release|Any CPU.Build.0 = Release|Any CPU
		{9C5FDCC3-03D1-4334-94E9-BBD27942823B}.Debug|Any CPU.ActiveCfg = Debug|Any CPU
		{9C5FDCC3-03D1-4334-94E9-BBD27942823B}.Debug|Any CPU.Build.0 = Debug|Any CPU
		{9C5FDCC3-03D1-4334-94E9-BBD27942823B}.Release|Any CPU.ActiveCfg = Release|Any CPU
		{9C5FDCC3-03D1-4334-94E9-BBD27942823B}.Release|Any CPU.Build.0 = Release|Any CPU
		{9FA7B357-1FE8-4CD7-8059-5347214669D8}.Debug|Any CPU.ActiveCfg = Debug|Any CPU
		{9FA7B357-1FE8-4CD7-8059-5347214669D8}.Debug|Any CPU.Build.0 = Debug|Any CPU
		{9FA7B357-1FE8-4CD7-8059-5347214669D8}.Release|Any CPU.ActiveCfg = Release|Any CPU
		{9FA7B357-1FE8-4CD7-8059-5347214669D8}.Release|Any CPU.Build.0 = Release|Any CPU
		{5D443C03-6F86-4AEB-A9CD-21E15C002E6C}.Debug|Any CPU.ActiveCfg = Debug|Any CPU
		{5D443C03-6F86-4AEB-A9CD-21E15C002E6C}.Debug|Any CPU.Build.0 = Debug|Any CPU
		{5D443C03-6F86-4AEB-A9CD-21E15C002E6C}.Release|Any CPU.ActiveCfg = Release|Any CPU
		{5D443C03-6F86-4AEB-A9CD-21E15C002E6C}.Release|Any CPU.Build.0 = Release|Any CPU
		{BE7B6F29-EB0C-442E-8D06-52BDA4D77E27}.Debug|Any CPU.ActiveCfg = Debug|Any CPU
		{BE7B6F29-EB0C-442E-8D06-52BDA4D77E27}.Debug|Any CPU.Build.0 = Debug|Any CPU
		{BE7B6F29-EB0C-442E-8D06-52BDA4D77E27}.Release|Any CPU.ActiveCfg = Release|Any CPU
		{BE7B6F29-EB0C-442E-8D06-52BDA4D77E27}.Release|Any CPU.Build.0 = Release|Any CPU
		{B200055F-550D-41D2-8887-6B0E4462F49B}.Debug|Any CPU.ActiveCfg = Debug|Any CPU
		{B200055F-550D-41D2-8887-6B0E4462F49B}.Debug|Any CPU.Build.0 = Debug|Any CPU
		{B200055F-550D-41D2-8887-6B0E4462F49B}.Release|Any CPU.ActiveCfg = Release|Any CPU
		{B200055F-550D-41D2-8887-6B0E4462F49B}.Release|Any CPU.Build.0 = Release|Any CPU
		{20217DDE-8D94-4955-BAC4-70107F0FF584}.Debug|Any CPU.ActiveCfg = Debug|Any CPU
		{20217DDE-8D94-4955-BAC4-70107F0FF584}.Debug|Any CPU.Build.0 = Debug|Any CPU
		{20217DDE-8D94-4955-BAC4-70107F0FF584}.Release|Any CPU.ActiveCfg = Release|Any CPU
		{20217DDE-8D94-4955-BAC4-70107F0FF584}.Release|Any CPU.Build.0 = Release|Any CPU
		{E873E975-021E-4E5D-86D1-A2B014482764}.Debug|Any CPU.ActiveCfg = Debug|Any CPU
		{E873E975-021E-4E5D-86D1-A2B014482764}.Debug|Any CPU.Build.0 = Debug|Any CPU
		{E873E975-021E-4E5D-86D1-A2B014482764}.Release|Any CPU.ActiveCfg = Release|Any CPU
		{E873E975-021E-4E5D-86D1-A2B014482764}.Release|Any CPU.Build.0 = Release|Any CPU
		{0504FA21-0AE8-4A4D-A3C9-5A6DD88913CF}.Debug|Any CPU.ActiveCfg = Debug|Any CPU
		{0504FA21-0AE8-4A4D-A3C9-5A6DD88913CF}.Debug|Any CPU.Build.0 = Debug|Any CPU
		{0504FA21-0AE8-4A4D-A3C9-5A6DD88913CF}.Release|Any CPU.ActiveCfg = Release|Any CPU
		{0504FA21-0AE8-4A4D-A3C9-5A6DD88913CF}.Release|Any CPU.Build.0 = Release|Any CPU
		{CB8BE377-D0EC-4405-9349-8DAD675F6E6C}.Debug|Any CPU.ActiveCfg = Debug|Any CPU
		{CB8BE377-D0EC-4405-9349-8DAD675F6E6C}.Debug|Any CPU.Build.0 = Debug|Any CPU
		{CB8BE377-D0EC-4405-9349-8DAD675F6E6C}.Release|Any CPU.ActiveCfg = Release|Any CPU
		{CB8BE377-D0EC-4405-9349-8DAD675F6E6C}.Release|Any CPU.Build.0 = Release|Any CPU
		{5B267DA5-62A4-48D2-8EF4-046D9E54DE89}.Debug|Any CPU.ActiveCfg = Debug|Any CPU
		{5B267DA5-62A4-48D2-8EF4-046D9E54DE89}.Debug|Any CPU.Build.0 = Debug|Any CPU
		{5B267DA5-62A4-48D2-8EF4-046D9E54DE89}.Release|Any CPU.ActiveCfg = Release|Any CPU
		{5B267DA5-62A4-48D2-8EF4-046D9E54DE89}.Release|Any CPU.Build.0 = Release|Any CPU
		{12FA498E-1284-4839-A2AE-25E7DE836561}.Debug|Any CPU.ActiveCfg = Debug|Any CPU
		{12FA498E-1284-4839-A2AE-25E7DE836561}.Debug|Any CPU.Build.0 = Debug|Any CPU
		{12FA498E-1284-4839-A2AE-25E7DE836561}.Release|Any CPU.ActiveCfg = Release|Any CPU
		{12FA498E-1284-4839-A2AE-25E7DE836561}.Release|Any CPU.Build.0 = Release|Any CPU
		{A7ECF762-A434-410E-A7F1-24750E1FA99E}.Debug|Any CPU.ActiveCfg = Debug|Any CPU
		{A7ECF762-A434-410E-A7F1-24750E1FA99E}.Debug|Any CPU.Build.0 = Debug|Any CPU
		{A7ECF762-A434-410E-A7F1-24750E1FA99E}.Release|Any CPU.ActiveCfg = Release|Any CPU
		{A7ECF762-A434-410E-A7F1-24750E1FA99E}.Release|Any CPU.Build.0 = Release|Any CPU
		{F6000EDB-9EEA-472B-B647-E3CEAAFA578C}.Debug|Any CPU.ActiveCfg = Debug|Any CPU
		{F6000EDB-9EEA-472B-B647-E3CEAAFA578C}.Debug|Any CPU.Build.0 = Debug|Any CPU
		{F6000EDB-9EEA-472B-B647-E3CEAAFA578C}.Release|Any CPU.ActiveCfg = Release|Any CPU
		{F6000EDB-9EEA-472B-B647-E3CEAAFA578C}.Release|Any CPU.Build.0 = Release|Any CPU
		{EE3207B2-2959-47F7-BEED-C0ECBE75D96D}.Debug|Any CPU.ActiveCfg = Debug|Any CPU
		{EE3207B2-2959-47F7-BEED-C0ECBE75D96D}.Debug|Any CPU.Build.0 = Debug|Any CPU
		{EE3207B2-2959-47F7-BEED-C0ECBE75D96D}.Release|Any CPU.ActiveCfg = Release|Any CPU
		{EE3207B2-2959-47F7-BEED-C0ECBE75D96D}.Release|Any CPU.Build.0 = Release|Any CPU
		{8C96280E-28EA-44C3-A317-532451446C39}.Debug|Any CPU.ActiveCfg = Debug|Any CPU
		{8C96280E-28EA-44C3-A317-532451446C39}.Debug|Any CPU.Build.0 = Debug|Any CPU
		{8C96280E-28EA-44C3-A317-532451446C39}.Release|Any CPU.ActiveCfg = Release|Any CPU
		{8C96280E-28EA-44C3-A317-532451446C39}.Release|Any CPU.Build.0 = Release|Any CPU
		{947A08F4-6E85-40B1-9015-26E09BBA9C45}.Debug|Any CPU.ActiveCfg = Debug|Any CPU
		{947A08F4-6E85-40B1-9015-26E09BBA9C45}.Debug|Any CPU.Build.0 = Debug|Any CPU
		{947A08F4-6E85-40B1-9015-26E09BBA9C45}.Release|Any CPU.ActiveCfg = Release|Any CPU
		{947A08F4-6E85-40B1-9015-26E09BBA9C45}.Release|Any CPU.Build.0 = Release|Any CPU
		{BE7C70F0-81D2-425E-8908-4A43D5238D0C}.Debug|Any CPU.ActiveCfg = Debug|Any CPU
		{BE7C70F0-81D2-425E-8908-4A43D5238D0C}.Debug|Any CPU.Build.0 = Debug|Any CPU
		{BE7C70F0-81D2-425E-8908-4A43D5238D0C}.Release|Any CPU.ActiveCfg = Release|Any CPU
		{BE7C70F0-81D2-425E-8908-4A43D5238D0C}.Release|Any CPU.Build.0 = Release|Any CPU
	EndGlobalSection
	GlobalSection(SolutionProperties) = preSolution
		HideSolutionNode = FALSE
	EndGlobalSection
	GlobalSection(NestedProjects) = preSolution
		{11A1B7CF-EEC8-4606-B1A1-E729E32EB88B} = {68DC2C2F-AC69-4666-8491-91017482B448}
		{9B2F2676-0B77-4875-A31B-04E46C2DCC11} = {68DC2C2F-AC69-4666-8491-91017482B448}
		{A48ECCE7-F82D-4E01-A247-3A9D430DAE55} = {68DC2C2F-AC69-4666-8491-91017482B448}
		{537C7BDA-679F-4296-86EE-59F851F06DEF} = {68DC2C2F-AC69-4666-8491-91017482B448}
		{3978EBC2-787E-48F8-B266-4A1ADCB32652} = {68DC2C2F-AC69-4666-8491-91017482B448}
		{BDDC67AA-6C26-4388-9DA3-1A9F2E3C9973} = {68DC2C2F-AC69-4666-8491-91017482B448}
		{0AAE04B4-46C8-4FB7-9254-09CC2BD1D9E5} = {68DC2C2F-AC69-4666-8491-91017482B448}
		{E58F149C-1019-43A7-8555-CC35131D985E} = {68DC2C2F-AC69-4666-8491-91017482B448}
		{E2F12D98-FCEE-4277-AA25-8D700044482F} = {68DC2C2F-AC69-4666-8491-91017482B448}
		{99CAF96A-7D7C-46BC-8E84-C22AB5E625A6} = {68DC2C2F-AC69-4666-8491-91017482B448}
		{A013A396-E86A-4010-B527-ED604A6ABF7F} = {68DC2C2F-AC69-4666-8491-91017482B448}
		{F0A0BB65-B14B-4593-872E-2216CE8503E5} = {E1F8906F-773A-422F-8CA3-81409066576C}
		{01F63766-EBE0-4E07-A1B2-1BF92FEA3CB3} = {E1F8906F-773A-422F-8CA3-81409066576C}
		{4D338A5D-9077-44D8-87C0-1E7EF8E109EE} = {E1F8906F-773A-422F-8CA3-81409066576C}
		{0C1D0214-3A0B-4EC1-B285-C93DD0323243} = {E1F8906F-773A-422F-8CA3-81409066576C}
		{CA83C533-D0E5-45C1-A7F1-E41A6DBCEE8D} = {68DC2C2F-AC69-4666-8491-91017482B448}
		{9C5FDCC3-03D1-4334-94E9-BBD27942823B} = {68DC2C2F-AC69-4666-8491-91017482B448}
		{9FA7B357-1FE8-4CD7-8059-5347214669D8} = {E1F8906F-773A-422F-8CA3-81409066576C}
		{5D443C03-6F86-4AEB-A9CD-21E15C002E6C} = {E1F8906F-773A-422F-8CA3-81409066576C}
		{BE7B6F29-EB0C-442E-8D06-52BDA4D77E27} = {E1F8906F-773A-422F-8CA3-81409066576C}
		{B200055F-550D-41D2-8887-6B0E4462F49B} = {CD45A4DF-FE63-4DBB-B31C-72B557B6804C}
		{20217DDE-8D94-4955-BAC4-70107F0FF584} = {CD45A4DF-FE63-4DBB-B31C-72B557B6804C}
		{E873E975-021E-4E5D-86D1-A2B014482764} = {CD45A4DF-FE63-4DBB-B31C-72B557B6804C}
		{0504FA21-0AE8-4A4D-A3C9-5A6DD88913CF} = {CD45A4DF-FE63-4DBB-B31C-72B557B6804C}
		{CB8BE377-D0EC-4405-9349-8DAD675F6E6C} = {CD45A4DF-FE63-4DBB-B31C-72B557B6804C}
		{5B267DA5-62A4-48D2-8EF4-046D9E54DE89} = {CD45A4DF-FE63-4DBB-B31C-72B557B6804C}
		{12FA498E-1284-4839-A2AE-25E7DE836561} = {536B0F1E-52EC-4D78-91FB-CC3201DF73B0}
		{A7ECF762-A434-410E-A7F1-24750E1FA99E} = {536B0F1E-52EC-4D78-91FB-CC3201DF73B0}
		{F6000EDB-9EEA-472B-B647-E3CEAAFA578C} = {536B0F1E-52EC-4D78-91FB-CC3201DF73B0}
		{EE3207B2-2959-47F7-BEED-C0ECBE75D96D} = {536B0F1E-52EC-4D78-91FB-CC3201DF73B0}
		{8C96280E-28EA-44C3-A317-532451446C39} = {536B0F1E-52EC-4D78-91FB-CC3201DF73B0}
	EndGlobalSection
EndGlobal
