
Microsoft Visual Studio Solution File, Format Version 12.00
# Visual Studio 15
VisualStudioVersion = 15.0.26430.15
MinimumVisualStudioVersion = 10.0.40219.1
Project("{FAE04EC0-301F-11D3-BF4B-00C04F79EFBC}") = "Minedraft Exam", "Minedraft Exam\Minedraft Exam.csproj", "{0D49F543-CC77-46F6-A27E-61A813672B0F}"
EndProject
Project("{FAE04EC0-301F-11D3-BF4B-00C04F79EFBC}") = "AvatarWar", "AvatarWar\AvatarWar.csproj", "{02AB8B23-E425-4953-9C6F-E1EA97E7211D}"
EndProject
Global
	GlobalSection(SolutionConfigurationPlatforms) = preSolution
		Debug|Any CPU = Debug|Any CPU
		Release|Any CPU = Release|Any CPU
	EndGlobalSection
	GlobalSection(ProjectConfigurationPlatforms) = postSolution
		{0D49F543-CC77-46F6-A27E-61A813672B0F}.Debug|Any CPU.ActiveCfg = Debug|Any CPU
		{0D49F543-CC77-46F6-A27E-61A813672B0F}.Debug|Any CPU.Build.0 = Debug|Any CPU
		{0D49F543-CC77-46F6-A27E-61A813672B0F}.Release|Any CPU.ActiveCfg = Release|Any CPU
		{0D49F543-CC77-46F6-A27E-61A813672B0F}.Release|Any CPU.Build.0 = Release|Any CPU
		{02AB8B23-E425-4953-9C6F-E1EA97E7211D}.Debug|Any CPU.ActiveCfg = Debug|Any CPU
		{02AB8B23-E425-4953-9C6F-E1EA97E7211D}.Debug|Any CPU.Build.0 = Debug|Any CPU
		{02AB8B23-E425-4953-9C6F-E1EA97E7211D}.Release|Any CPU.ActiveCfg = Release|Any CPU
		{02AB8B23-E425-4953-9C6F-E1EA97E7211D}.Release|Any CPU.Build.0 = Release|Any CPU
	EndGlobalSection
	GlobalSection(SolutionProperties) = preSolution
		HideSolutionNode = FALSE
	EndGlobalSection
EndGlobal
